
Microsoft Visual Studio Solution File, Format Version 12.00
# Visual Studio Version 16
VisualStudioVersion = 16.0.30804.86
MinimumVisualStudioVersion = 10.0.40219.1
Project("{9A19103F-16F7-4668-BE54-9A1E7A4F7556}") = "MyIdentityServer4", "src\MyIdentityServer4\MyIdentityServer4.csproj", "{2F5BBABB-8EC2-4C4C-B83F-30073555176A}"
EndProject
Project("{2150E333-8FDC-42A3-9474-1A3956D46DE8}") = "Solution Items", "Solution Items", "{BC479180-B9FD-4DBA-9DFD-247E17A38CDF}"
	ProjectSection(SolutionItems) = preProject
		.editorconfig = .editorconfig
	EndProjectSection
EndProject
Project("{2150E333-8FDC-42A3-9474-1A3956D46DE8}") = "Admin", "Admin", "{4D031FAE-3684-4133-835C-AFF2EBE3CEB3}"
EndProject
Project("{2150E333-8FDC-42A3-9474-1A3956D46DE8}") = "Core", "Core", "{209078F7-A321-48B1-B6BA-C3A34DF045B3}"
EndProject
Project("{2150E333-8FDC-42A3-9474-1A3956D46DE8}") = "SSO", "SSO", "{0E92544C-AF95-489C-93B5-D7C8DA2CDB83}"
EndProject
Project("{9A19103F-16F7-4668-BE54-9A1E7A4F7556}") = "Dehopre.Domain.Core", "src\Core\Dehopre.Domain.Core\Dehopre.Domain.Core.csproj", "{07CEFF81-8403-4499-97B0-3F39C3F42114}"
EndProject
Project("{9A19103F-16F7-4668-BE54-9A1E7A4F7556}") = "Dehopre.AspNetCore.IQueryable.Extensions", "src\Core\Dehopre.AspNetCore.IQueryable.Extensions\Dehopre.AspNetCore.IQueryable.Extensions.csproj", "{863B563D-BD9E-4489-94C8-F042AC953834}"
EndProject
Project("{9A19103F-16F7-4668-BE54-9A1E7A4F7556}") = "Dehopre.AspNetCore", "src\Core\Dehopre.AspNetCore\Dehopre.AspNetCore.csproj", "{A3B6954B-1111-46F3-9F94-0271D6D0C84D}"
EndProject
Project("{9A19103F-16F7-4668-BE54-9A1E7A4F7556}") = "Dehopre.EntityFrameworkCore", "src\Core\Dehopre.EntityFrameworkCore\Dehopre.EntityFrameworkCore.csproj", "{C23201D2-5C16-4B18-8326-A7EF6F80CF60}"
EndProject
Project("{9A19103F-16F7-4668-BE54-9A1E7A4F7556}") = "Dehopre.Sso.Domain", "src\SSO\Dehopre.Sso.Domain\Dehopre.Sso.Domain.csproj", "{817FE173-933C-4269-B196-054DF5CA7860}"
EndProject
Project("{FAE04EC0-301F-11D3-BF4B-00C04F79EFBC}") = "Dehopre.Sso.EntityFramework.Repository", "src\SSO\Dehopre.Sso.EntityFramework.Repository\Dehopre.Sso.EntityFramework.Repository.csproj", "{06C34DF2-60BC-43A2-A7C0-1FBBF174E24B}"
EndProject
Global
	GlobalSection(SolutionConfigurationPlatforms) = preSolution
		Debug|Any CPU = Debug|Any CPU
		Release|Any CPU = Release|Any CPU
	EndGlobalSection
	GlobalSection(ProjectConfigurationPlatforms) = postSolution
		{2F5BBABB-8EC2-4C4C-B83F-30073555176A}.Debug|Any CPU.ActiveCfg = Debug|Any CPU
		{2F5BBABB-8EC2-4C4C-B83F-30073555176A}.Debug|Any CPU.Build.0 = Debug|Any CPU
		{2F5BBABB-8EC2-4C4C-B83F-30073555176A}.Release|Any CPU.ActiveCfg = Release|Any CPU
		{2F5BBABB-8EC2-4C4C-B83F-30073555176A}.Release|Any CPU.Build.0 = Release|Any CPU
		{07CEFF81-8403-4499-97B0-3F39C3F42114}.Debug|Any CPU.ActiveCfg = Debug|Any CPU
		{07CEFF81-8403-4499-97B0-3F39C3F42114}.Debug|Any CPU.Build.0 = Debug|Any CPU
		{07CEFF81-8403-4499-97B0-3F39C3F42114}.Release|Any CPU.ActiveCfg = Release|Any CPU
		{07CEFF81-8403-4499-97B0-3F39C3F42114}.Release|Any CPU.Build.0 = Release|Any CPU
		{863B563D-BD9E-4489-94C8-F042AC953834}.Debug|Any CPU.ActiveCfg = Debug|Any CPU
		{863B563D-BD9E-4489-94C8-F042AC953834}.Debug|Any CPU.Build.0 = Debug|Any CPU
		{863B563D-BD9E-4489-94C8-F042AC953834}.Release|Any CPU.ActiveCfg = Release|Any CPU
		{863B563D-BD9E-4489-94C8-F042AC953834}.Release|Any CPU.Build.0 = Release|Any CPU
		{A3B6954B-1111-46F3-9F94-0271D6D0C84D}.Debug|Any CPU.ActiveCfg = Debug|Any CPU
		{A3B6954B-1111-46F3-9F94-0271D6D0C84D}.Debug|Any CPU.Build.0 = Debug|Any CPU
		{A3B6954B-1111-46F3-9F94-0271D6D0C84D}.Release|Any CPU.ActiveCfg = Release|Any CPU
		{A3B6954B-1111-46F3-9F94-0271D6D0C84D}.Release|Any CPU.Build.0 = Release|Any CPU
		{C23201D2-5C16-4B18-8326-A7EF6F80CF60}.Debug|Any CPU.ActiveCfg = Debug|Any CPU
		{C23201D2-5C16-4B18-8326-A7EF6F80CF60}.Debug|Any CPU.Build.0 = Debug|Any CPU
		{C23201D2-5C16-4B18-8326-A7EF6F80CF60}.Release|Any CPU.ActiveCfg = Release|Any CPU
		{C23201D2-5C16-4B18-8326-A7EF6F80CF60}.Release|Any CPU.Build.0 = Release|Any CPU
		{817FE173-933C-4269-B196-054DF5CA7860}.Debug|Any CPU.ActiveCfg = Debug|Any CPU
		{817FE173-933C-4269-B196-054DF5CA7860}.Debug|Any CPU.Build.0 = Debug|Any CPU
		{817FE173-933C-4269-B196-054DF5CA7860}.Release|Any CPU.ActiveCfg = Release|Any CPU
		{817FE173-933C-4269-B196-054DF5CA7860}.Release|Any CPU.Build.0 = Release|Any CPU
		{06C34DF2-60BC-43A2-A7C0-1FBBF174E24B}.Debug|Any CPU.ActiveCfg = Debug|Any CPU
		{06C34DF2-60BC-43A2-A7C0-1FBBF174E24B}.Debug|Any CPU.Build.0 = Debug|Any CPU
		{06C34DF2-60BC-43A2-A7C0-1FBBF174E24B}.Release|Any CPU.ActiveCfg = Release|Any CPU
		{06C34DF2-60BC-43A2-A7C0-1FBBF174E24B}.Release|Any CPU.Build.0 = Release|Any CPU
	EndGlobalSection
	GlobalSection(SolutionProperties) = preSolution
		HideSolutionNode = FALSE
	EndGlobalSection
	GlobalSection(NestedProjects) = preSolution
		{07CEFF81-8403-4499-97B0-3F39C3F42114} = {209078F7-A321-48B1-B6BA-C3A34DF045B3}
		{863B563D-BD9E-4489-94C8-F042AC953834} = {209078F7-A321-48B1-B6BA-C3A34DF045B3}
		{A3B6954B-1111-46F3-9F94-0271D6D0C84D} = {209078F7-A321-48B1-B6BA-C3A34DF045B3}
		{C23201D2-5C16-4B18-8326-A7EF6F80CF60} = {209078F7-A321-48B1-B6BA-C3A34DF045B3}
		{817FE173-933C-4269-B196-054DF5CA7860} = {0E92544C-AF95-489C-93B5-D7C8DA2CDB83}
		{06C34DF2-60BC-43A2-A7C0-1FBBF174E24B} = {0E92544C-AF95-489C-93B5-D7C8DA2CDB83}
	EndGlobalSection
	GlobalSection(ExtensibilityGlobals) = postSolution
		SolutionGuid = {D83CAC55-86BD-46E4-982C-289FC3AA20FA}
	EndGlobalSection
EndGlobal
